
Microsoft Visual Studio Solution File, Format Version 12.00
# Visual Studio Version 16
VisualStudioVersion = 16.0.30503.244
MinimumVisualStudioVersion = 10.0.40219.1
Project("{FAE04EC0-301F-11D3-BF4B-00C04F79EFBC}") = "DotNetDiapers", "DotNetDiapers\DotNetDiapers.csproj", "{90377B7F-0765-470E-AFE5-3B6B9619A83B}"
EndProject
Global
	GlobalSection(SolutionConfigurationPlatforms) = preSolution
		Debug|Any CPU = Debug|Any CPU
		Release|Any CPU = Release|Any CPU
	EndGlobalSection
	GlobalSection(ProjectConfigurationPlatforms) = postSolution
		{90377B7F-0765-470E-AFE5-3B6B9619A83B}.Debug|Any CPU.ActiveCfg = Debug|Any CPU
		{90377B7F-0765-470E-AFE5-3B6B9619A83B}.Debug|Any CPU.Build.0 = Debug|Any CPU
		{90377B7F-0765-470E-AFE5-3B6B9619A83B}.Release|Any CPU.ActiveCfg = Release|Any CPU
		{90377B7F-0765-470E-AFE5-3B6B9619A83B}.Release|Any CPU.Build.0 = Release|Any CPU
	EndGlobalSection
	GlobalSection(SolutionProperties) = preSolution
		HideSolutionNode = FALSE
	EndGlobalSection
	GlobalSection(ExtensibilityGlobals) = postSolution
		SolutionGuid = {EC29A06F-1F97-471E-A903-AAF3D4797CC6}
	EndGlobalSection
EndGlobal
